// !$*UTF8*$!
{
	archiveVersion = 1;
	classes = {
	};
	objectVersion = 54;
	objects = {

/* Begin PBXBuildFile section */
		00E356F31AD99517003FC87E /* toneopTests.m in Sources */ = {isa = PBXBuildFile; fileRef = 00E356F21AD99517003FC87E /* toneopTests.m */; };
		0C80B921A6F3F58F76C31292 /* libPods-toneop.a in Frameworks */ = {isa = PBXBuildFile; fileRef = 5DCACB8F33CDC322A6C60F78 /* libPods-toneop.a */; };
		13B07FBC1A68108700A75B9A /* AppDelegate.mm in Sources */ = {isa = PBXBuildFile; fileRef = 13B07FB01A68108700A75B9A /* AppDelegate.mm */; };
		13B07FBF1A68108700A75B9A /* Images.xcassets in Resources */ = {isa = PBXBuildFile; fileRef = 13B07FB51A68108700A75B9A /* Images.xcassets */; };
		13B07FC11A68108700A75B9A /* main.m in Sources */ = {isa = PBXBuildFile; fileRef = 13B07FB71A68108700A75B9A /* main.m */; };
		7699B88040F8A987B510C191 /* libPods-toneop-toneopTests.a in Frameworks */ = {isa = PBXBuildFile; fileRef = 19F6CBCC0A4E27FBF8BF4A61 /* libPods-toneop-toneopTests.a */; };
		81AB9BB82411601600AC10FF /* LaunchScreen.storyboard in Resources */ = {isa = PBXBuildFile; fileRef = 81AB9BB72411601600AC10FF /* LaunchScreen.storyboard */; };
		478077D444F64E0CBDD0D7BD /* americankestrel.otf in Resources */ = {isa = PBXBuildFile; fileRef = 7E4488B322EA4FBC93544BDC /* americankestrel.otf */; };
		30738849F2F7435B98689C95 /* americankestrel3d.otf in Resources */ = {isa = PBXBuildFile; fileRef = 6BF9B2E31FD3424AA28163E8 /* americankestrel3d.otf */; };
		C51142574063489CA6126A19 /* americankestrelcondensed.otf in Resources */ = {isa = PBXBuildFile; fileRef = 840DAE3C528F451E8B88807D /* americankestrelcondensed.otf */; };
		63833895CDA84AB9B6A07603 /* americankestrelexpanded.otf in Resources */ = {isa = PBXBuildFile; fileRef = D696355C3C1C45989B2AE1DA /* americankestrelexpanded.otf */; };
		48553DCED2CE458BBBDE3E77 /* americankestrelgradient.otf in Resources */ = {isa = PBXBuildFile; fileRef = 2F1AE08C7DC44D4BB1B7B950 /* americankestrelgradient.otf */; };
		A4B75BC54F37431FBFA4B051 /* americankestrelhalftone.otf in Resources */ = {isa = PBXBuildFile; fileRef = 893613C36FAA4983BFEE2A28 /* americankestrelhalftone.otf */; };
		1B701AD5CBAA41F983B9910D /* americankestrelitalic.otf in Resources */ = {isa = PBXBuildFile; fileRef = 4536C8BA87E44F73ACA60333 /* americankestrelitalic.otf */; };
		CB7130ADE81B4361A01CC387 /* americankestrellaser.otf in Resources */ = {isa = PBXBuildFile; fileRef = ED9889C10EF7447B87DDFABA /* americankestrellaser.otf */; };
		AE9ABF2868E04AA7A55275FD /* americankestrelleftalic.otf in Resources */ = {isa = PBXBuildFile; fileRef = 9C74F0D6B48346CB937B18FF /* americankestrelleftalic.otf */; };
		1BFCE0E15E784F749F6865C2 /* americankestrelsemistraight.otf in Resources */ = {isa = PBXBuildFile; fileRef = 41575834D9BE4289A3AD49B1 /* americankestrelsemistraight.otf */; };
		845F3A42026C459F98DB83CE /* americankestrelstraight.otf in Resources */ = {isa = PBXBuildFile; fileRef = 6D69D95D89DA4D84B931CBBF /* americankestrelstraight.otf */; };
		B3D0D8F2597D4CC687336D6D /* americankestrelstraight3d.otf in Resources */ = {isa = PBXBuildFile; fileRef = A4ACFFA118DE4285931A1F84 /* americankestrelstraight3d.otf */; };
		29DC332898F6401D8D561D5A /* americankestrelstraightcond.otf in Resources */ = {isa = PBXBuildFile; fileRef = B632F071855946D19C5545CE /* americankestrelstraightcond.otf */; };
		69574FCA1464473C916B1387 /* americankestrelstraightexp.otf in Resources */ = {isa = PBXBuildFile; fileRef = F6711548DFC6417E8274FF76 /* americankestrelstraightexp.otf */; };
		B35E3A38BE6B4D5DBB7B017A /* americankestrelstraightgrad.otf in Resources */ = {isa = PBXBuildFile; fileRef = 02D5E94548624DAA8101277E /* americankestrelstraightgrad.otf */; };
		6DF4DC5213EA4630BD5A643A /* americankestrelstraighthalf.otf in Resources */ = {isa = PBXBuildFile; fileRef = 12A1D28D42FE4BFE8CBDD5AB /* americankestrelstraighthalf.otf */; };
		DCCE21D470CE452AA7F1F4DA /* americankestrelstraightlaser.otf in Resources */ = {isa = PBXBuildFile; fileRef = 4DD2E16A09F84CC59FF0E0BB /* americankestrelstraightlaser.otf */; };
		350F1DCEE6DE4823B1005440 /* americankestral1_2.ttf in Resources */ = {isa = PBXBuildFile; fileRef = 17C0E843E9D74E59AF91B4EB /* americankestral1_2.ttf */; };
		8D905BED620F4033AC90F7AA /* americankestral3d1_2.ttf in Resources */ = {isa = PBXBuildFile; fileRef = 5554A7BF666E4C7CB571EC16 /* americankestral3d1_2.ttf */; };
		827DB2790C6940629A75FCA8 /* americankestralcond1_2.ttf in Resources */ = {isa = PBXBuildFile; fileRef = DD1BE82C06784652AC5DC60E /* americankestralcond1_2.ttf */; };
		11039B000928457E9C737D59 /* americankestralexpand1_2.ttf in Resources */ = {isa = PBXBuildFile; fileRef = 1214D27F0D9847ECAB3C246F /* americankestralexpand1_2.ttf */; };
		C0AD7CB0D52440AAB4614EA6 /* americankestralgrad1_2.ttf in Resources */ = {isa = PBXBuildFile; fileRef = C1DF60A08D3545C880132D2A /* americankestralgrad1_2.ttf */; };
		D8006C68C3CF4CD5A11749BD /* americankestralhalf1_2.ttf in Resources */ = {isa = PBXBuildFile; fileRef = 7C6D73A60B714772A8B6DB13 /* americankestralhalf1_2.ttf */; };
		223F8212BE3D4FC1BF3E45D8 /* americankestralital1_2.ttf in Resources */ = {isa = PBXBuildFile; fileRef = E104407999734CD8A0BC89B5 /* americankestralital1_2.ttf */; };
		9064CD02D062458881141098 /* americankestrallaser1_2.ttf in Resources */ = {isa = PBXBuildFile; fileRef = ADE14C0B0425474DA84E57D1 /* americankestrallaser1_2.ttf */; };
		7D7756798A9248F0BF849716 /* americankestralleft1_2.ttf in Resources */ = {isa = PBXBuildFile; fileRef = 960EA62E90C2460AB33DCE38 /* americankestralleft1_2.ttf */; };
		D267B78A82DB46F69B08CAFC /* americankestralsemistraight1_2.ttf in Resources */ = {isa = PBXBuildFile; fileRef = 7C417CF2D4BF4F77915CD50D /* americankestralsemistraight1_2.ttf */; };
		857A877F0BD64C3DB7150C0E /* americankestralstraight1_2.ttf in Resources */ = {isa = PBXBuildFile; fileRef = 4F19C4CD84784677B72F08B6 /* americankestralstraight1_2.ttf */; };
		80334A5348BA466896499C6C /* americankestralstraight3d1_2.ttf in Resources */ = {isa = PBXBuildFile; fileRef = 81DBD0BF75404C2386610979 /* americankestralstraight3d1_2.ttf */; };
		422730B9C563496698C20C68 /* americankestralstraightcond1_2.ttf in Resources */ = {isa = PBXBuildFile; fileRef = 117FCBCD6F3E48A69067DDAD /* americankestralstraightcond1_2.ttf */; };
		CC75D51E484247E7AE52EE01 /* americankestralstraightexpand1_2.ttf in Resources */ = {isa = PBXBuildFile; fileRef = 4C7825567CE343E9AAD95493 /* americankestralstraightexpand1_2.ttf */; };
		94B5BA1E39EA42ACA21CD910 /* americankestralstraightgrad1_2.ttf in Resources */ = {isa = PBXBuildFile; fileRef = 36C033D3E17C49B8A330B84F /* americankestralstraightgrad1_2.ttf */; };
		E113767151AD4963BBB4A4D6 /* americankestralstraighthalf1_2.ttf in Resources */ = {isa = PBXBuildFile; fileRef = 0C4ACCB62165438595452CE5 /* americankestralstraighthalf1_2.ttf */; };
		0687A752135D4D5EB5CC62D0 /* americankestralstraightlaser1_2.ttf in Resources */ = {isa = PBXBuildFile; fileRef = FDD46AA8A81A4FBBB0730AD0 /* americankestralstraightlaser1_2.ttf */; };
		617C40EE7FC94468B988E38D /* americankestrel.txt in Resources */ = {isa = PBXBuildFile; fileRef = 150788B7CA864EC2A9865203 /* americankestrel.txt */; };
/* End PBXBuildFile section */

/* Begin PBXContainerItemProxy section */
		00E356F41AD99517003FC87E /* PBXContainerItemProxy */ = {
			isa = PBXContainerItemProxy;
			containerPortal = 83CBB9F71A601CBA00E9B192 /* Project object */;
			proxyType = 1;
			remoteGlobalIDString = 13B07F861A680F5B00A75B9A;
			remoteInfo = toneop;
		};
/* End PBXContainerItemProxy section */

/* Begin PBXFileReference section */
		00E356EE1AD99517003FC87E /* toneopTests.xctest */ = {isa = PBXFileReference; explicitFileType = wrapper.cfbundle; includeInIndex = 0; path = toneopTests.xctest; sourceTree = BUILT_PRODUCTS_DIR; };
		00E356F11AD99517003FC87E /* Info.plist */ = {isa = PBXFileReference; lastKnownFileType = text.plist.xml; path = Info.plist; sourceTree = "<group>"; };
		00E356F21AD99517003FC87E /* toneopTests.m */ = {isa = PBXFileReference; lastKnownFileType = sourcecode.c.objc; path = toneopTests.m; sourceTree = "<group>"; };
		13B07F961A680F5B00A75B9A /* toneop.app */ = {isa = PBXFileReference; explicitFileType = wrapper.application; includeInIndex = 0; path = toneop.app; sourceTree = BUILT_PRODUCTS_DIR; };
		13B07FAF1A68108700A75B9A /* AppDelegate.h */ = {isa = PBXFileReference; fileEncoding = 4; lastKnownFileType = sourcecode.c.h; name = AppDelegate.h; path = toneop/AppDelegate.h; sourceTree = "<group>"; };
		13B07FB01A68108700A75B9A /* AppDelegate.mm */ = {isa = PBXFileReference; fileEncoding = 4; lastKnownFileType = sourcecode.cpp.objcpp; name = AppDelegate.mm; path = toneop/AppDelegate.mm; sourceTree = "<group>"; };
		13B07FB51A68108700A75B9A /* Images.xcassets */ = {isa = PBXFileReference; lastKnownFileType = folder.assetcatalog; name = Images.xcassets; path = toneop/Images.xcassets; sourceTree = "<group>"; };
		13B07FB61A68108700A75B9A /* Info.plist */ = {isa = PBXFileReference; fileEncoding = 4; lastKnownFileType = text.plist.xml; name = Info.plist; path = toneop/Info.plist; sourceTree = "<group>"; };
		13B07FB71A68108700A75B9A /* main.m */ = {isa = PBXFileReference; fileEncoding = 4; lastKnownFileType = sourcecode.c.objc; name = main.m; path = toneop/main.m; sourceTree = "<group>"; };
		19F6CBCC0A4E27FBF8BF4A61 /* libPods-toneop-toneopTests.a */ = {isa = PBXFileReference; explicitFileType = archive.ar; includeInIndex = 0; path = "libPods-toneop-toneopTests.a"; sourceTree = BUILT_PRODUCTS_DIR; };
		3B4392A12AC88292D35C810B /* Pods-toneop.debug.xcconfig */ = {isa = PBXFileReference; includeInIndex = 1; lastKnownFileType = text.xcconfig; name = "Pods-toneop.debug.xcconfig"; path = "Target Support Files/Pods-toneop/Pods-toneop.debug.xcconfig"; sourceTree = "<group>"; };
		5709B34CF0A7D63546082F79 /* Pods-toneop.release.xcconfig */ = {isa = PBXFileReference; includeInIndex = 1; lastKnownFileType = text.xcconfig; name = "Pods-toneop.release.xcconfig"; path = "Target Support Files/Pods-toneop/Pods-toneop.release.xcconfig"; sourceTree = "<group>"; };
		5B7EB9410499542E8C5724F5 /* Pods-toneop-toneopTests.debug.xcconfig */ = {isa = PBXFileReference; includeInIndex = 1; lastKnownFileType = text.xcconfig; name = "Pods-toneop-toneopTests.debug.xcconfig"; path = "Target Support Files/Pods-toneop-toneopTests/Pods-toneop-toneopTests.debug.xcconfig"; sourceTree = "<group>"; };
		5DCACB8F33CDC322A6C60F78 /* libPods-toneop.a */ = {isa = PBXFileReference; explicitFileType = archive.ar; includeInIndex = 0; path = "libPods-toneop.a"; sourceTree = BUILT_PRODUCTS_DIR; };
		81AB9BB72411601600AC10FF /* LaunchScreen.storyboard */ = {isa = PBXFileReference; fileEncoding = 4; lastKnownFileType = file.storyboard; name = LaunchScreen.storyboard; path = toneop/LaunchScreen.storyboard; sourceTree = "<group>"; };
		89C6BE57DB24E9ADA2F236DE /* Pods-toneop-toneopTests.release.xcconfig */ = {isa = PBXFileReference; includeInIndex = 1; lastKnownFileType = text.xcconfig; name = "Pods-toneop-toneopTests.release.xcconfig"; path = "Target Support Files/Pods-toneop-toneopTests/Pods-toneop-toneopTests.release.xcconfig"; sourceTree = "<group>"; };
		ED297162215061F000B7C4FE /* JavaScriptCore.framework */ = {isa = PBXFileReference; lastKnownFileType = wrapper.framework; name = JavaScriptCore.framework; path = System/Library/Frameworks/JavaScriptCore.framework; sourceTree = SDKROOT; };
		7E4488B322EA4FBC93544BDC /* americankestrel.otf */ = {isa = PBXFileReference; name = "americankestrel.otf"; path = "../assets/fonts/americankestrel.otf"; sourceTree = "<group>"; fileEncoding = undefined; lastKnownFileType = unknown; explicitFileType = undefined; includeInIndex = 0; };
		6BF9B2E31FD3424AA28163E8 /* americankestrel3d.otf */ = {isa = PBXFileReference; name = "americankestrel3d.otf"; path = "../assets/fonts/americankestrel3d.otf"; sourceTree = "<group>"; fileEncoding = undefined; lastKnownFileType = unknown; explicitFileType = undefined; includeInIndex = 0; };
		840DAE3C528F451E8B88807D /* americankestrelcondensed.otf */ = {isa = PBXFileReference; name = "americankestrelcondensed.otf"; path = "../assets/fonts/americankestrelcondensed.otf"; sourceTree = "<group>"; fileEncoding = undefined; lastKnownFileType = unknown; explicitFileType = undefined; includeInIndex = 0; };
		D696355C3C1C45989B2AE1DA /* americankestrelexpanded.otf */ = {isa = PBXFileReference; name = "americankestrelexpanded.otf"; path = "../assets/fonts/americankestrelexpanded.otf"; sourceTree = "<group>"; fileEncoding = undefined; lastKnownFileType = unknown; explicitFileType = undefined; includeInIndex = 0; };
		2F1AE08C7DC44D4BB1B7B950 /* americankestrelgradient.otf */ = {isa = PBXFileReference; name = "americankestrelgradient.otf"; path = "../assets/fonts/americankestrelgradient.otf"; sourceTree = "<group>"; fileEncoding = undefined; lastKnownFileType = unknown; explicitFileType = undefined; includeInIndex = 0; };
		893613C36FAA4983BFEE2A28 /* americankestrelhalftone.otf */ = {isa = PBXFileReference; name = "americankestrelhalftone.otf"; path = "../assets/fonts/americankestrelhalftone.otf"; sourceTree = "<group>"; fileEncoding = undefined; lastKnownFileType = unknown; explicitFileType = undefined; includeInIndex = 0; };
		4536C8BA87E44F73ACA60333 /* americankestrelitalic.otf */ = {isa = PBXFileReference; name = "americankestrelitalic.otf"; path = "../assets/fonts/americankestrelitalic.otf"; sourceTree = "<group>"; fileEncoding = undefined; lastKnownFileType = unknown; explicitFileType = undefined; includeInIndex = 0; };
		ED9889C10EF7447B87DDFABA /* americankestrellaser.otf */ = {isa = PBXFileReference; name = "americankestrellaser.otf"; path = "../assets/fonts/americankestrellaser.otf"; sourceTree = "<group>"; fileEncoding = undefined; lastKnownFileType = unknown; explicitFileType = undefined; includeInIndex = 0; };
		9C74F0D6B48346CB937B18FF /* americankestrelleftalic.otf */ = {isa = PBXFileReference; name = "americankestrelleftalic.otf"; path = "../assets/fonts/americankestrelleftalic.otf"; sourceTree = "<group>"; fileEncoding = undefined; lastKnownFileType = unknown; explicitFileType = undefined; includeInIndex = 0; };
		41575834D9BE4289A3AD49B1 /* americankestrelsemistraight.otf */ = {isa = PBXFileReference; name = "americankestrelsemistraight.otf"; path = "../assets/fonts/americankestrelsemistraight.otf"; sourceTree = "<group>"; fileEncoding = undefined; lastKnownFileType = unknown; explicitFileType = undefined; includeInIndex = 0; };
		6D69D95D89DA4D84B931CBBF /* americankestrelstraight.otf */ = {isa = PBXFileReference; name = "americankestrelstraight.otf"; path = "../assets/fonts/americankestrelstraight.otf"; sourceTree = "<group>"; fileEncoding = undefined; lastKnownFileType = unknown; explicitFileType = undefined; includeInIndex = 0; };
		A4ACFFA118DE4285931A1F84 /* americankestrelstraight3d.otf */ = {isa = PBXFileReference; name = "americankestrelstraight3d.otf"; path = "../assets/fonts/americankestrelstraight3d.otf"; sourceTree = "<group>"; fileEncoding = undefined; lastKnownFileType = unknown; explicitFileType = undefined; includeInIndex = 0; };
		B632F071855946D19C5545CE /* americankestrelstraightcond.otf */ = {isa = PBXFileReference; name = "americankestrelstraightcond.otf"; path = "../assets/fonts/americankestrelstraightcond.otf"; sourceTree = "<group>"; fileEncoding = undefined; lastKnownFileType = unknown; explicitFileType = undefined; includeInIndex = 0; };
		F6711548DFC6417E8274FF76 /* americankestrelstraightexp.otf */ = {isa = PBXFileReference; name = "americankestrelstraightexp.otf"; path = "../assets/fonts/americankestrelstraightexp.otf"; sourceTree = "<group>"; fileEncoding = undefined; lastKnownFileType = unknown; explicitFileType = undefined; includeInIndex = 0; };
		02D5E94548624DAA8101277E /* americankestrelstraightgrad.otf */ = {isa = PBXFileReference; name = "americankestrelstraightgrad.otf"; path = "../assets/fonts/americankestrelstraightgrad.otf"; sourceTree = "<group>"; fileEncoding = undefined; lastKnownFileType = unknown; explicitFileType = undefined; includeInIndex = 0; };
		12A1D28D42FE4BFE8CBDD5AB /* americankestrelstraighthalf.otf */ = {isa = PBXFileReference; name = "americankestrelstraighthalf.otf"; path = "../assets/fonts/americankestrelstraighthalf.otf"; sourceTree = "<group>"; fileEncoding = undefined; lastKnownFileType = unknown; explicitFileType = undefined; includeInIndex = 0; };
		4DD2E16A09F84CC59FF0E0BB /* americankestrelstraightlaser.otf */ = {isa = PBXFileReference; name = "americankestrelstraightlaser.otf"; path = "../assets/fonts/americankestrelstraightlaser.otf"; sourceTree = "<group>"; fileEncoding = undefined; lastKnownFileType = unknown; explicitFileType = undefined; includeInIndex = 0; };
		17C0E843E9D74E59AF91B4EB /* americankestral1_2.ttf */ = {isa = PBXFileReference; name = "americankestral1_2.ttf"; path = "../assets/fonts/americankestral1_2.ttf"; sourceTree = "<group>"; fileEncoding = undefined; lastKnownFileType = unknown; explicitFileType = undefined; includeInIndex = 0; };
		5554A7BF666E4C7CB571EC16 /* americankestral3d1_2.ttf */ = {isa = PBXFileReference; name = "americankestral3d1_2.ttf"; path = "../assets/fonts/americankestral3d1_2.ttf"; sourceTree = "<group>"; fileEncoding = undefined; lastKnownFileType = unknown; explicitFileType = undefined; includeInIndex = 0; };
		DD1BE82C06784652AC5DC60E /* americankestralcond1_2.ttf */ = {isa = PBXFileReference; name = "americankestralcond1_2.ttf"; path = "../assets/fonts/americankestralcond1_2.ttf"; sourceTree = "<group>"; fileEncoding = undefined; lastKnownFileType = unknown; explicitFileType = undefined; includeInIndex = 0; };
		1214D27F0D9847ECAB3C246F /* americankestralexpand1_2.ttf */ = {isa = PBXFileReference; name = "americankestralexpand1_2.ttf"; path = "../assets/fonts/americankestralexpand1_2.ttf"; sourceTree = "<group>"; fileEncoding = undefined; lastKnownFileType = unknown; explicitFileType = undefined; includeInIndex = 0; };
		C1DF60A08D3545C880132D2A /* americankestralgrad1_2.ttf */ = {isa = PBXFileReference; name = "americankestralgrad1_2.ttf"; path = "../assets/fonts/americankestralgrad1_2.ttf"; sourceTree = "<group>"; fileEncoding = undefined; lastKnownFileType = unknown; explicitFileType = undefined; includeInIndex = 0; };
		7C6D73A60B714772A8B6DB13 /* americankestralhalf1_2.ttf */ = {isa = PBXFileReference; name = "americankestralhalf1_2.ttf"; path = "../assets/fonts/americankestralhalf1_2.ttf"; sourceTree = "<group>"; fileEncoding = undefined; lastKnownFileType = unknown; explicitFileType = undefined; includeInIndex = 0; };
		E104407999734CD8A0BC89B5 /* americankestralital1_2.ttf */ = {isa = PBXFileReference; name = "americankestralital1_2.ttf"; path = "../assets/fonts/americankestralital1_2.ttf"; sourceTree = "<group>"; fileEncoding = undefined; lastKnownFileType = unknown; explicitFileType = undefined; includeInIndex = 0; };
		ADE14C0B0425474DA84E57D1 /* americankestrallaser1_2.ttf */ = {isa = PBXFileReference; name = "americankestrallaser1_2.ttf"; path = "../assets/fonts/americankestrallaser1_2.ttf"; sourceTree = "<group>"; fileEncoding = undefined; lastKnownFileType = unknown; explicitFileType = undefined; includeInIndex = 0; };
		960EA62E90C2460AB33DCE38 /* americankestralleft1_2.ttf */ = {isa = PBXFileReference; name = "americankestralleft1_2.ttf"; path = "../assets/fonts/americankestralleft1_2.ttf"; sourceTree = "<group>"; fileEncoding = undefined; lastKnownFileType = unknown; explicitFileType = undefined; includeInIndex = 0; };
		7C417CF2D4BF4F77915CD50D /* americankestralsemistraight1_2.ttf */ = {isa = PBXFileReference; name = "americankestralsemistraight1_2.ttf"; path = "../assets/fonts/americankestralsemistraight1_2.ttf"; sourceTree = "<group>"; fileEncoding = undefined; lastKnownFileType = unknown; explicitFileType = undefined; includeInIndex = 0; };
		4F19C4CD84784677B72F08B6 /* americankestralstraight1_2.ttf */ = {isa = PBXFileReference; name = "americankestralstraight1_2.ttf"; path = "../assets/fonts/americankestralstraight1_2.ttf"; sourceTree = "<group>"; fileEncoding = undefined; lastKnownFileType = unknown; explicitFileType = undefined; includeInIndex = 0; };
		81DBD0BF75404C2386610979 /* americankestralstraight3d1_2.ttf */ = {isa = PBXFileReference; name = "americankestralstraight3d1_2.ttf"; path = "../assets/fonts/americankestralstraight3d1_2.ttf"; sourceTree = "<group>"; fileEncoding = undefined; lastKnownFileType = unknown; explicitFileType = undefined; includeInIndex = 0; };
		117FCBCD6F3E48A69067DDAD /* americankestralstraightcond1_2.ttf */ = {isa = PBXFileReference; name = "americankestralstraightcond1_2.ttf"; path = "../assets/fonts/americankestralstraightcond1_2.ttf"; sourceTree = "<group>"; fileEncoding = undefined; lastKnownFileType = unknown; explicitFileType = undefined; includeInIndex = 0; };
		4C7825567CE343E9AAD95493 /* americankestralstraightexpand1_2.ttf */ = {isa = PBXFileReference; name = "americankestralstraightexpand1_2.ttf"; path = "../assets/fonts/americankestralstraightexpand1_2.ttf"; sourceTree = "<group>"; fileEncoding = undefined; lastKnownFileType = unknown; explicitFileType = undefined; includeInIndex = 0; };
		36C033D3E17C49B8A330B84F /* americankestralstraightgrad1_2.ttf */ = {isa = PBXFileReference; name = "americankestralstraightgrad1_2.ttf"; path = "../assets/fonts/americankestralstraightgrad1_2.ttf"; sourceTree = "<group>"; fileEncoding = undefined; lastKnownFileType = unknown; explicitFileType = undefined; includeInIndex = 0; };
		0C4ACCB62165438595452CE5 /* americankestralstraighthalf1_2.ttf */ = {isa = PBXFileReference; name = "americankestralstraighthalf1_2.ttf"; path = "../assets/fonts/americankestralstraighthalf1_2.ttf"; sourceTree = "<group>"; fileEncoding = undefined; lastKnownFileType = unknown; explicitFileType = undefined; includeInIndex = 0; };
		FDD46AA8A81A4FBBB0730AD0 /* americankestralstraightlaser1_2.ttf */ = {isa = PBXFileReference; name = "americankestralstraightlaser1_2.ttf"; path = "../assets/fonts/americankestralstraightlaser1_2.ttf"; sourceTree = "<group>"; fileEncoding = undefined; lastKnownFileType = unknown; explicitFileType = undefined; includeInIndex = 0; };
		150788B7CA864EC2A9865203 /* americankestrel.txt */ = {isa = PBXFileReference; name = "americankestrel.txt"; path = "../assets/fonts/americankestrel.txt"; sourceTree = "<group>"; fileEncoding = undefined; lastKnownFileType = unknown; explicitFileType = undefined; includeInIndex = 0; };
/* End PBXFileReference section */

/* Begin PBXFrameworksBuildPhase section */
		00E356EB1AD99517003FC87E /* Frameworks */ = {
			isa = PBXFrameworksBuildPhase;
			buildActionMask = 2147483647;
			files = (
				7699B88040F8A987B510C191 /* libPods-toneop-toneopTests.a in Frameworks */,
			);
			runOnlyForDeploymentPostprocessing = 0;
		};
		13B07F8C1A680F5B00A75B9A /* Frameworks */ = {
			isa = PBXFrameworksBuildPhase;
			buildActionMask = 2147483647;
			files = (
				0C80B921A6F3F58F76C31292 /* libPods-toneop.a in Frameworks */,
			);
			runOnlyForDeploymentPostprocessing = 0;
		};
/* End PBXFrameworksBuildPhase section */

/* Begin PBXGroup section */
		00E356EF1AD99517003FC87E /* toneopTests */ = {
			isa = PBXGroup;
			children = (
				00E356F21AD99517003FC87E /* toneopTests.m */,
				00E356F01AD99517003FC87E /* Supporting Files */,
			);
			path = toneopTests;
			sourceTree = "<group>";
		};
		00E356F01AD99517003FC87E /* Supporting Files */ = {
			isa = PBXGroup;
			children = (
				00E356F11AD99517003FC87E /* Info.plist */,
			);
			name = "Supporting Files";
			sourceTree = "<group>";
		};
		13B07FAE1A68108700A75B9A /* toneop */ = {
			isa = PBXGroup;
			children = (
				13B07FAF1A68108700A75B9A /* AppDelegate.h */,
				13B07FB01A68108700A75B9A /* AppDelegate.mm */,
				13B07FB51A68108700A75B9A /* Images.xcassets */,
				13B07FB61A68108700A75B9A /* Info.plist */,
				81AB9BB72411601600AC10FF /* LaunchScreen.storyboard */,
				13B07FB71A68108700A75B9A /* main.m */,
			);
			name = toneop;
			sourceTree = "<group>";
		};
		2D16E6871FA4F8E400B85C8A /* Frameworks */ = {
			isa = PBXGroup;
			children = (
				ED297162215061F000B7C4FE /* JavaScriptCore.framework */,
				5DCACB8F33CDC322A6C60F78 /* libPods-toneop.a */,
				19F6CBCC0A4E27FBF8BF4A61 /* libPods-toneop-toneopTests.a */,
			);
			name = Frameworks;
			sourceTree = "<group>";
		};
		832341AE1AAA6A7D00B99B32 /* Libraries */ = {
			isa = PBXGroup;
			children = (
			);
			name = Libraries;
			sourceTree = "<group>";
		};
		83CBB9F61A601CBA00E9B192 = {
			isa = PBXGroup;
			children = (
				13B07FAE1A68108700A75B9A /* toneop */,
				832341AE1AAA6A7D00B99B32 /* Libraries */,
				00E356EF1AD99517003FC87E /* toneopTests */,
				83CBBA001A601CBA00E9B192 /* Products */,
				2D16E6871FA4F8E400B85C8A /* Frameworks */,
				BBD78D7AC51CEA395F1C20DB /* Pods */,
				0EE8913705F4409F851CA52B /* Resources */,
			);
			indentWidth = 2;
			sourceTree = "<group>";
			tabWidth = 2;
			usesTabs = 0;
		};
		83CBBA001A601CBA00E9B192 /* Products */ = {
			isa = PBXGroup;
			children = (
				13B07F961A680F5B00A75B9A /* toneop.app */,
				00E356EE1AD99517003FC87E /* toneopTests.xctest */,
			);
			name = Products;
			sourceTree = "<group>";
		};
		BBD78D7AC51CEA395F1C20DB /* Pods */ = {
			isa = PBXGroup;
			children = (
				3B4392A12AC88292D35C810B /* Pods-toneop.debug.xcconfig */,
				5709B34CF0A7D63546082F79 /* Pods-toneop.release.xcconfig */,
				5B7EB9410499542E8C5724F5 /* Pods-toneop-toneopTests.debug.xcconfig */,
				89C6BE57DB24E9ADA2F236DE /* Pods-toneop-toneopTests.release.xcconfig */,
			);
			path = Pods;
			sourceTree = "<group>";
		};
		0EE8913705F4409F851CA52B /* Resources */ = {
			isa = "PBXGroup";
			children = (
				7E4488B322EA4FBC93544BDC /* americankestrel.otf */,
				6BF9B2E31FD3424AA28163E8 /* americankestrel3d.otf */,
				840DAE3C528F451E8B88807D /* americankestrelcondensed.otf */,
				D696355C3C1C45989B2AE1DA /* americankestrelexpanded.otf */,
				2F1AE08C7DC44D4BB1B7B950 /* americankestrelgradient.otf */,
				893613C36FAA4983BFEE2A28 /* americankestrelhalftone.otf */,
				4536C8BA87E44F73ACA60333 /* americankestrelitalic.otf */,
				ED9889C10EF7447B87DDFABA /* americankestrellaser.otf */,
				9C74F0D6B48346CB937B18FF /* americankestrelleftalic.otf */,
				41575834D9BE4289A3AD49B1 /* americankestrelsemistraight.otf */,
				6D69D95D89DA4D84B931CBBF /* americankestrelstraight.otf */,
				A4ACFFA118DE4285931A1F84 /* americankestrelstraight3d.otf */,
				B632F071855946D19C5545CE /* americankestrelstraightcond.otf */,
				F6711548DFC6417E8274FF76 /* americankestrelstraightexp.otf */,
				02D5E94548624DAA8101277E /* americankestrelstraightgrad.otf */,
				12A1D28D42FE4BFE8CBDD5AB /* americankestrelstraighthalf.otf */,
				4DD2E16A09F84CC59FF0E0BB /* americankestrelstraightlaser.otf */,
				17C0E843E9D74E59AF91B4EB /* americankestral1_2.ttf */,
				5554A7BF666E4C7CB571EC16 /* americankestral3d1_2.ttf */,
				DD1BE82C06784652AC5DC60E /* americankestralcond1_2.ttf */,
				1214D27F0D9847ECAB3C246F /* americankestralexpand1_2.ttf */,
				C1DF60A08D3545C880132D2A /* americankestralgrad1_2.ttf */,
				7C6D73A60B714772A8B6DB13 /* americankestralhalf1_2.ttf */,
				E104407999734CD8A0BC89B5 /* americankestralital1_2.ttf */,
				ADE14C0B0425474DA84E57D1 /* americankestrallaser1_2.ttf */,
				960EA62E90C2460AB33DCE38 /* americankestralleft1_2.ttf */,
				7C417CF2D4BF4F77915CD50D /* americankestralsemistraight1_2.ttf */,
				4F19C4CD84784677B72F08B6 /* americankestralstraight1_2.ttf */,
				81DBD0BF75404C2386610979 /* americankestralstraight3d1_2.ttf */,
				117FCBCD6F3E48A69067DDAD /* americankestralstraightcond1_2.ttf */,
				4C7825567CE343E9AAD95493 /* americankestralstraightexpand1_2.ttf */,
				36C033D3E17C49B8A330B84F /* americankestralstraightgrad1_2.ttf */,
				0C4ACCB62165438595452CE5 /* americankestralstraighthalf1_2.ttf */,
				FDD46AA8A81A4FBBB0730AD0 /* americankestralstraightlaser1_2.ttf */,
				150788B7CA864EC2A9865203 /* americankestrel.txt */,
			);
			name = Resources;
			sourceTree = "<group>";
			path = "";
		};
/* End PBXGroup section */

/* Begin PBXNativeTarget section */
		00E356ED1AD99517003FC87E /* toneopTests */ = {
			isa = PBXNativeTarget;
			buildConfigurationList = 00E357021AD99517003FC87E /* Build configuration list for PBXNativeTarget "toneopTests" */;
			buildPhases = (
				A55EABD7B0C7F3A422A6CC61 /* [CP] Check Pods Manifest.lock */,
				00E356EA1AD99517003FC87E /* Sources */,
				00E356EB1AD99517003FC87E /* Frameworks */,
				00E356EC1AD99517003FC87E /* Resources */,
				C59DA0FBD6956966B86A3779 /* [CP] Embed Pods Frameworks */,
				F6A41C54EA430FDDC6A6ED99 /* [CP] Copy Pods Resources */,
			);
			buildRules = (
			);
			dependencies = (
				00E356F51AD99517003FC87E /* PBXTargetDependency */,
			);
			name = toneopTests;
			productName = toneopTests;
			productReference = 00E356EE1AD99517003FC87E /* toneopTests.xctest */;
			productType = "com.apple.product-type.bundle.unit-test";
		};
		13B07F861A680F5B00A75B9A /* toneop */ = {
			isa = PBXNativeTarget;
			buildConfigurationList = 13B07F931A680F5B00A75B9A /* Build configuration list for PBXNativeTarget "toneop" */;
			buildPhases = (
				C38B50BA6285516D6DCD4F65 /* [CP] Check Pods Manifest.lock */,
				FD10A7F022414F080027D42C /* Start Packager */,
				13B07F871A680F5B00A75B9A /* Sources */,
				13B07F8C1A680F5B00A75B9A /* Frameworks */,
				13B07F8E1A680F5B00A75B9A /* Resources */,
				00DD1BFF1BD5951E006B06BC /* Bundle React Native code and images */,
				00EEFC60759A1932668264C0 /* [CP] Embed Pods Frameworks */,
				E235C05ADACE081382539298 /* [CP] Copy Pods Resources */,
			);
			buildRules = (
			);
			dependencies = (
			);
			name = toneop;
			productName = toneop;
			productReference = 13B07F961A680F5B00A75B9A /* toneop.app */;
			productType = "com.apple.product-type.application";
		};
/* End PBXNativeTarget section */

/* Begin PBXProject section */
		83CBB9F71A601CBA00E9B192 /* Project object */ = {
			isa = PBXProject;
			attributes = {
				LastUpgradeCheck = 1210;
				TargetAttributes = {
					00E356ED1AD99517003FC87E = {
						CreatedOnToolsVersion = 6.2;
						TestTargetID = 13B07F861A680F5B00A75B9A;
					};
					13B07F861A680F5B00A75B9A = {
						LastSwiftMigration = 1120;
					};
				};
			};
			buildConfigurationList = 83CBB9FA1A601CBA00E9B192 /* Build configuration list for PBXProject "toneop" */;
			compatibilityVersion = "Xcode 12.0";
			developmentRegion = en;
			hasScannedForEncodings = 0;
			knownRegions = (
				en,
				Base,
			);
			mainGroup = 83CBB9F61A601CBA00E9B192;
			productRefGroup = 83CBBA001A601CBA00E9B192 /* Products */;
			projectDirPath = "";
			projectRoot = "";
			targets = (
				13B07F861A680F5B00A75B9A /* toneop */,
				00E356ED1AD99517003FC87E /* toneopTests */,
			);
		};
/* End PBXProject section */

/* Begin PBXResourcesBuildPhase section */
		00E356EC1AD99517003FC87E /* Resources */ = {
			isa = PBXResourcesBuildPhase;
			buildActionMask = 2147483647;
			files = (
			);
			runOnlyForDeploymentPostprocessing = 0;
		};
		13B07F8E1A680F5B00A75B9A /* Resources */ = {
			isa = PBXResourcesBuildPhase;
			buildActionMask = 2147483647;
			files = (
				81AB9BB82411601600AC10FF /* LaunchScreen.storyboard in Resources */,
				13B07FBF1A68108700A75B9A /* Images.xcassets in Resources */,
				478077D444F64E0CBDD0D7BD /* americankestrel.otf in Resources */,
				30738849F2F7435B98689C95 /* americankestrel3d.otf in Resources */,
				C51142574063489CA6126A19 /* americankestrelcondensed.otf in Resources */,
				63833895CDA84AB9B6A07603 /* americankestrelexpanded.otf in Resources */,
				48553DCED2CE458BBBDE3E77 /* americankestrelgradient.otf in Resources */,
				A4B75BC54F37431FBFA4B051 /* americankestrelhalftone.otf in Resources */,
				1B701AD5CBAA41F983B9910D /* americankestrelitalic.otf in Resources */,
				CB7130ADE81B4361A01CC387 /* americankestrellaser.otf in Resources */,
				AE9ABF2868E04AA7A55275FD /* americankestrelleftalic.otf in Resources */,
				1BFCE0E15E784F749F6865C2 /* americankestrelsemistraight.otf in Resources */,
				845F3A42026C459F98DB83CE /* americankestrelstraight.otf in Resources */,
				B3D0D8F2597D4CC687336D6D /* americankestrelstraight3d.otf in Resources */,
				29DC332898F6401D8D561D5A /* americankestrelstraightcond.otf in Resources */,
				69574FCA1464473C916B1387 /* americankestrelstraightexp.otf in Resources */,
				B35E3A38BE6B4D5DBB7B017A /* americankestrelstraightgrad.otf in Resources */,
				6DF4DC5213EA4630BD5A643A /* americankestrelstraighthalf.otf in Resources */,
				DCCE21D470CE452AA7F1F4DA /* americankestrelstraightlaser.otf in Resources */,
				350F1DCEE6DE4823B1005440 /* americankestral1_2.ttf in Resources */,
				8D905BED620F4033AC90F7AA /* americankestral3d1_2.ttf in Resources */,
				827DB2790C6940629A75FCA8 /* americankestralcond1_2.ttf in Resources */,
				11039B000928457E9C737D59 /* americankestralexpand1_2.ttf in Resources */,
				C0AD7CB0D52440AAB4614EA6 /* americankestralgrad1_2.ttf in Resources */,
				D8006C68C3CF4CD5A11749BD /* americankestralhalf1_2.ttf in Resources */,
				223F8212BE3D4FC1BF3E45D8 /* americankestralital1_2.ttf in Resources */,
				9064CD02D062458881141098 /* americankestrallaser1_2.ttf in Resources */,
				7D7756798A9248F0BF849716 /* americankestralleft1_2.ttf in Resources */,
				D267B78A82DB46F69B08CAFC /* americankestralsemistraight1_2.ttf in Resources */,
				857A877F0BD64C3DB7150C0E /* americankestralstraight1_2.ttf in Resources */,
				80334A5348BA466896499C6C /* americankestralstraight3d1_2.ttf in Resources */,
				422730B9C563496698C20C68 /* americankestralstraightcond1_2.ttf in Resources */,
				CC75D51E484247E7AE52EE01 /* americankestralstraightexpand1_2.ttf in Resources */,
				94B5BA1E39EA42ACA21CD910 /* americankestralstraightgrad1_2.ttf in Resources */,
				E113767151AD4963BBB4A4D6 /* americankestralstraighthalf1_2.ttf in Resources */,
				0687A752135D4D5EB5CC62D0 /* americankestralstraightlaser1_2.ttf in Resources */,
				617C40EE7FC94468B988E38D /* americankestrel.txt in Resources */,
			);
			runOnlyForDeploymentPostprocessing = 0;
		};
/* End PBXResourcesBuildPhase section */

/* Begin PBXShellScriptBuildPhase section */
		00DD1BFF1BD5951E006B06BC /* Bundle React Native code and images */ = {
			isa = PBXShellScriptBuildPhase;
			buildActionMask = 2147483647;
			files = (
			);
			inputPaths = (
				"$(SRCROOT)/.xcode.env.local",
				"$(SRCROOT)/.xcode.env",
			);
			name = "Bundle React Native code and images";
			outputPaths = (
			);
			runOnlyForDeploymentPostprocessing = 0;
			shellPath = /bin/sh;
			shellScript = "set -e\n\nWITH_ENVIRONMENT=\"../node_modules/react-native/scripts/xcode/with-environment.sh\"\nREACT_NATIVE_XCODE=\"../node_modules/react-native/scripts/react-native-xcode.sh\"\n\n/bin/sh -c \"$WITH_ENVIRONMENT $REACT_NATIVE_XCODE\"\n";
		};
		00EEFC60759A1932668264C0 /* [CP] Embed Pods Frameworks */ = {
			isa = PBXShellScriptBuildPhase;
			buildActionMask = 2147483647;
			files = (
			);
			inputFileListPaths = (
				"${PODS_ROOT}/Target Support Files/Pods-toneop/Pods-toneop-frameworks-${CONFIGURATION}-input-files.xcfilelist",
			);
			name = "[CP] Embed Pods Frameworks";
			outputFileListPaths = (
				"${PODS_ROOT}/Target Support Files/Pods-toneop/Pods-toneop-frameworks-${CONFIGURATION}-output-files.xcfilelist",
			);
			runOnlyForDeploymentPostprocessing = 0;
			shellPath = /bin/sh;
			shellScript = "\"${PODS_ROOT}/Target Support Files/Pods-toneop/Pods-toneop-frameworks.sh\"\n";
			showEnvVarsInLog = 0;
		};
		A55EABD7B0C7F3A422A6CC61 /* [CP] Check Pods Manifest.lock */ = {
			isa = PBXShellScriptBuildPhase;
			buildActionMask = 2147483647;
			files = (
			);
			inputFileListPaths = (
			);
			inputPaths = (
				"${PODS_PODFILE_DIR_PATH}/Podfile.lock",
				"${PODS_ROOT}/Manifest.lock",
			);
			name = "[CP] Check Pods Manifest.lock";
			outputFileListPaths = (
			);
			outputPaths = (
				"$(DERIVED_FILE_DIR)/Pods-toneop-toneopTests-checkManifestLockResult.txt",
			);
			runOnlyForDeploymentPostprocessing = 0;
			shellPath = /bin/sh;
			shellScript = "diff \"${PODS_PODFILE_DIR_PATH}/Podfile.lock\" \"${PODS_ROOT}/Manifest.lock\" > /dev/null\nif [ $? != 0 ] ; then\n    # print error to STDERR\n    echo \"error: The sandbox is not in sync with the Podfile.lock. Run 'pod install' or update your CocoaPods installation.\" >&2\n    exit 1\nfi\n# This output is used by Xcode 'outputs' to avoid re-running this script phase.\necho \"SUCCESS\" > \"${SCRIPT_OUTPUT_FILE_0}\"\n";
			showEnvVarsInLog = 0;
		};
		C38B50BA6285516D6DCD4F65 /* [CP] Check Pods Manifest.lock */ = {
			isa = PBXShellScriptBuildPhase;
			buildActionMask = 2147483647;
			files = (
			);
			inputFileListPaths = (
			);
			inputPaths = (
				"${PODS_PODFILE_DIR_PATH}/Podfile.lock",
				"${PODS_ROOT}/Manifest.lock",
			);
			name = "[CP] Check Pods Manifest.lock";
			outputFileListPaths = (
			);
			outputPaths = (
				"$(DERIVED_FILE_DIR)/Pods-toneop-checkManifestLockResult.txt",
			);
			runOnlyForDeploymentPostprocessing = 0;
			shellPath = /bin/sh;
			shellScript = "diff \"${PODS_PODFILE_DIR_PATH}/Podfile.lock\" \"${PODS_ROOT}/Manifest.lock\" > /dev/null\nif [ $? != 0 ] ; then\n    # print error to STDERR\n    echo \"error: The sandbox is not in sync with the Podfile.lock. Run 'pod install' or update your CocoaPods installation.\" >&2\n    exit 1\nfi\n# This output is used by Xcode 'outputs' to avoid re-running this script phase.\necho \"SUCCESS\" > \"${SCRIPT_OUTPUT_FILE_0}\"\n";
			showEnvVarsInLog = 0;
		};
		C59DA0FBD6956966B86A3779 /* [CP] Embed Pods Frameworks */ = {
			isa = PBXShellScriptBuildPhase;
			buildActionMask = 2147483647;
			files = (
			);
			inputFileListPaths = (
				"${PODS_ROOT}/Target Support Files/Pods-toneop-toneopTests/Pods-toneop-toneopTests-frameworks-${CONFIGURATION}-input-files.xcfilelist",
			);
			name = "[CP] Embed Pods Frameworks";
			outputFileListPaths = (
				"${PODS_ROOT}/Target Support Files/Pods-toneop-toneopTests/Pods-toneop-toneopTests-frameworks-${CONFIGURATION}-output-files.xcfilelist",
			);
			runOnlyForDeploymentPostprocessing = 0;
			shellPath = /bin/sh;
			shellScript = "\"${PODS_ROOT}/Target Support Files/Pods-toneop-toneopTests/Pods-toneop-toneopTests-frameworks.sh\"\n";
			showEnvVarsInLog = 0;
		};
		E235C05ADACE081382539298 /* [CP] Copy Pods Resources */ = {
			isa = PBXShellScriptBuildPhase;
			buildActionMask = 2147483647;
			files = (
			);
			inputFileListPaths = (
				"${PODS_ROOT}/Target Support Files/Pods-toneop/Pods-toneop-resources-${CONFIGURATION}-input-files.xcfilelist",
			);
			name = "[CP] Copy Pods Resources";
			outputFileListPaths = (
				"${PODS_ROOT}/Target Support Files/Pods-toneop/Pods-toneop-resources-${CONFIGURATION}-output-files.xcfilelist",
			);
			runOnlyForDeploymentPostprocessing = 0;
			shellPath = /bin/sh;
			shellScript = "\"${PODS_ROOT}/Target Support Files/Pods-toneop/Pods-toneop-resources.sh\"\n";
			showEnvVarsInLog = 0;
		};
		F6A41C54EA430FDDC6A6ED99 /* [CP] Copy Pods Resources */ = {
			isa = PBXShellScriptBuildPhase;
			buildActionMask = 2147483647;
			files = (
			);
			inputFileListPaths = (
				"${PODS_ROOT}/Target Support Files/Pods-toneop-toneopTests/Pods-toneop-toneopTests-resources-${CONFIGURATION}-input-files.xcfilelist",
			);
			name = "[CP] Copy Pods Resources";
			outputFileListPaths = (
				"${PODS_ROOT}/Target Support Files/Pods-toneop-toneopTests/Pods-toneop-toneopTests-resources-${CONFIGURATION}-output-files.xcfilelist",
			);
			runOnlyForDeploymentPostprocessing = 0;
			shellPath = /bin/sh;
			shellScript = "\"${PODS_ROOT}/Target Support Files/Pods-toneop-toneopTests/Pods-toneop-toneopTests-resources.sh\"\n";
			showEnvVarsInLog = 0;
		};
		FD10A7F022414F080027D42C /* Start Packager */ = {
			isa = PBXShellScriptBuildPhase;
			buildActionMask = 2147483647;
			files = (
			);
			inputFileListPaths = (
			);
			inputPaths = (
			);
			name = "Start Packager";
			outputFileListPaths = (
			);
			outputPaths = (
			);
			runOnlyForDeploymentPostprocessing = 0;
			shellPath = /bin/sh;
			shellScript = "export RCT_METRO_PORT=\"${RCT_METRO_PORT:=8081}\"\necho \"export RCT_METRO_PORT=${RCT_METRO_PORT}\" > \"${SRCROOT}/../node_modules/react-native/scripts/.packager.env\"\nif [ -z \"${RCT_NO_LAUNCH_PACKAGER+xxx}\" ] ; then\n  if nc -w 5 -z localhost ${RCT_METRO_PORT} ; then\n    if ! curl -s \"http://localhost:${RCT_METRO_PORT}/status\" | grep -q \"packager-status:running\" ; then\n      echo \"Port ${RCT_METRO_PORT} already in use, packager is either not running or not running correctly\"\n      exit 2\n    fi\n  else\n    open \"$SRCROOT/../node_modules/react-native/scripts/launchPackager.command\" || echo \"Can't start packager automatically\"\n  fi\nfi\n";
			showEnvVarsInLog = 0;
		};
/* End PBXShellScriptBuildPhase section */

/* Begin PBXSourcesBuildPhase section */
		00E356EA1AD99517003FC87E /* Sources */ = {
			isa = PBXSourcesBuildPhase;
			buildActionMask = 2147483647;
			files = (
				00E356F31AD99517003FC87E /* toneopTests.m in Sources */,
			);
			runOnlyForDeploymentPostprocessing = 0;
		};
		13B07F871A680F5B00A75B9A /* Sources */ = {
			isa = PBXSourcesBuildPhase;
			buildActionMask = 2147483647;
			files = (
				13B07FBC1A68108700A75B9A /* AppDelegate.mm in Sources */,
				13B07FC11A68108700A75B9A /* main.m in Sources */,
			);
			runOnlyForDeploymentPostprocessing = 0;
		};
/* End PBXSourcesBuildPhase section */

/* Begin PBXTargetDependency section */
		00E356F51AD99517003FC87E /* PBXTargetDependency */ = {
			isa = PBXTargetDependency;
			target = 13B07F861A680F5B00A75B9A /* toneop */;
			targetProxy = 00E356F41AD99517003FC87E /* PBXContainerItemProxy */;
		};
/* End PBXTargetDependency section */

/* Begin XCBuildConfiguration section */
		00E356F61AD99517003FC87E /* Debug */ = {
			isa = XCBuildConfiguration;
			baseConfigurationReference = 5B7EB9410499542E8C5724F5 /* Pods-toneop-toneopTests.debug.xcconfig */;
			buildSettings = {
				BUNDLE_LOADER = "$(TEST_HOST)";
				GCC_PREPROCESSOR_DEFINITIONS = (
					"DEBUG=1",
					"$(inherited)",
				);
				INFOPLIST_FILE = toneopTests/Info.plist;
				IPHONEOS_DEPLOYMENT_TARGET = 12.4;
				LD_RUNPATH_SEARCH_PATHS = (
					"$(inherited)",
					"@executable_path/Frameworks",
					"@loader_path/Frameworks",
				);
				OTHER_LDFLAGS = (
					"-ObjC",
					"-lc++",
					"$(inherited)",
				);
				PRODUCT_BUNDLE_IDENTIFIER = "org.reactjs.native.example.$(PRODUCT_NAME:rfc1034identifier)";
				PRODUCT_NAME = "$(TARGET_NAME)";
				TEST_HOST = "$(BUILT_PRODUCTS_DIR)/toneop.app/toneop";
			};
			name = Debug;
		};
		00E356F71AD99517003FC87E /* Release */ = {
			isa = XCBuildConfiguration;
			baseConfigurationReference = 89C6BE57DB24E9ADA2F236DE /* Pods-toneop-toneopTests.release.xcconfig */;
			buildSettings = {
				BUNDLE_LOADER = "$(TEST_HOST)";
				COPY_PHASE_STRIP = NO;
				INFOPLIST_FILE = toneopTests/Info.plist;
				IPHONEOS_DEPLOYMENT_TARGET = 12.4;
				LD_RUNPATH_SEARCH_PATHS = (
					"$(inherited)",
					"@executable_path/Frameworks",
					"@loader_path/Frameworks",
				);
				OTHER_LDFLAGS = (
					"-ObjC",
					"-lc++",
					"$(inherited)",
				);
				PRODUCT_BUNDLE_IDENTIFIER = "org.reactjs.native.example.$(PRODUCT_NAME:rfc1034identifier)";
				PRODUCT_NAME = "$(TARGET_NAME)";
				TEST_HOST = "$(BUILT_PRODUCTS_DIR)/toneop.app/toneop";
			};
			name = Release;
		};
		13B07F941A680F5B00A75B9A /* Debug */ = {
			isa = XCBuildConfiguration;
			baseConfigurationReference = 3B4392A12AC88292D35C810B /* Pods-toneop.debug.xcconfig */;
			buildSettings = {
				ASSETCATALOG_COMPILER_APPICON_NAME = AppIcon;
				CLANG_ENABLE_MODULES = YES;
				CURRENT_PROJECT_VERSION = 1;
				ENABLE_BITCODE = NO;
				INFOPLIST_FILE = toneop/Info.plist;
				LD_RUNPATH_SEARCH_PATHS = (
					"$(inherited)",
					"@executable_path/Frameworks",
				);
				MARKETING_VERSION = 1.0;
				OTHER_LDFLAGS = (
					"$(inherited)",
					"-ObjC",
					"-lc++",
				);
				PRODUCT_BUNDLE_IDENTIFIER = "org.reactjs.native.example.$(PRODUCT_NAME:rfc1034identifier)";
				PRODUCT_NAME = toneop;
				SWIFT_OPTIMIZATION_LEVEL = "-Onone";
				SWIFT_VERSION = 5.0;
				VERSIONING_SYSTEM = "apple-generic";
			};
			name = Debug;
		};
		13B07F951A680F5B00A75B9A /* Release */ = {
			isa = XCBuildConfiguration;
			baseConfigurationReference = 5709B34CF0A7D63546082F79 /* Pods-toneop.release.xcconfig */;
			buildSettings = {
				ASSETCATALOG_COMPILER_APPICON_NAME = AppIcon;
				CLANG_ENABLE_MODULES = YES;
				CURRENT_PROJECT_VERSION = 1;
				INFOPLIST_FILE = toneop/Info.plist;
				LD_RUNPATH_SEARCH_PATHS = (
					"$(inherited)",
					"@executable_path/Frameworks",
				);
				MARKETING_VERSION = 1.0;
				OTHER_LDFLAGS = (
					"$(inherited)",
					"-ObjC",
					"-lc++",
				);
				PRODUCT_BUNDLE_IDENTIFIER = "org.reactjs.native.example.$(PRODUCT_NAME:rfc1034identifier)";
				PRODUCT_NAME = toneop;
				SWIFT_VERSION = 5.0;
				VERSIONING_SYSTEM = "apple-generic";
			};
			name = Release;
		};
		83CBBA201A601CBA00E9B192 /* Debug */ = {
			isa = XCBuildConfiguration;
			buildSettings = {
				ALWAYS_SEARCH_USER_PATHS = NO;
				CLANG_ANALYZER_LOCALIZABILITY_NONLOCALIZED = YES;
				CLANG_CXX_LANGUAGE_STANDARD = "c++17";
				CLANG_CXX_LIBRARY = "libc++";
				CLANG_ENABLE_MODULES = YES;
				CLANG_ENABLE_OBJC_ARC = YES;
				CLANG_WARN_BLOCK_CAPTURE_AUTORELEASING = YES;
				CLANG_WARN_BOOL_CONVERSION = YES;
				CLANG_WARN_COMMA = YES;
				CLANG_WARN_CONSTANT_CONVERSION = YES;
				CLANG_WARN_DEPRECATED_OBJC_IMPLEMENTATIONS = YES;
				CLANG_WARN_DIRECT_OBJC_ISA_USAGE = YES_ERROR;
				CLANG_WARN_EMPTY_BODY = YES;
				CLANG_WARN_ENUM_CONVERSION = YES;
				CLANG_WARN_INFINITE_RECURSION = YES;
				CLANG_WARN_INT_CONVERSION = YES;
				CLANG_WARN_NON_LITERAL_NULL_CONVERSION = YES;
				CLANG_WARN_OBJC_IMPLICIT_RETAIN_SELF = YES;
				CLANG_WARN_OBJC_LITERAL_CONVERSION = YES;
				CLANG_WARN_OBJC_ROOT_CLASS = YES_ERROR;
				CLANG_WARN_QUOTED_INCLUDE_IN_FRAMEWORK_HEADER = YES;
				CLANG_WARN_RANGE_LOOP_ANALYSIS = YES;
				CLANG_WARN_STRICT_PROTOTYPES = YES;
				CLANG_WARN_SUSPICIOUS_MOVE = YES;
				CLANG_WARN_UNREACHABLE_CODE = YES;
				CLANG_WARN__DUPLICATE_METHOD_MATCH = YES;
				"CODE_SIGN_IDENTITY[sdk=iphoneos*]" = "iPhone Developer";
				COPY_PHASE_STRIP = NO;
				ENABLE_STRICT_OBJC_MSGSEND = YES;
				ENABLE_TESTABILITY = YES;
				"EXCLUDED_ARCHS[sdk=iphonesimulator*]" = "";
				GCC_C_LANGUAGE_STANDARD = gnu99;
				GCC_DYNAMIC_NO_PIC = NO;
				GCC_NO_COMMON_BLOCKS = YES;
				GCC_OPTIMIZATION_LEVEL = 0;
				GCC_PREPROCESSOR_DEFINITIONS = (
					"DEBUG=1",
					"$(inherited)",
				);
				GCC_SYMBOLS_PRIVATE_EXTERN = NO;
				GCC_WARN_64_TO_32_BIT_CONVERSION = YES;
				GCC_WARN_ABOUT_RETURN_TYPE = YES_ERROR;
				GCC_WARN_UNDECLARED_SELECTOR = YES;
				GCC_WARN_UNINITIALIZED_AUTOS = YES_AGGRESSIVE;
				GCC_WARN_UNUSED_FUNCTION = YES;
				GCC_WARN_UNUSED_VARIABLE = YES;
				IPHONEOS_DEPLOYMENT_TARGET = 12.4;
				LD_RUNPATH_SEARCH_PATHS = (
					/usr/lib/swift,
					"$(inherited)",
				);
				LIBRARY_SEARCH_PATHS = (
					"\"$(SDKROOT)/usr/lib/swift\"",
					"\"$(TOOLCHAIN_DIR)/usr/lib/swift/$(PLATFORM_NAME)\"",
					"\"$(inherited)\"",
				);
				MTL_ENABLE_DEBUG_INFO = YES;
				ONLY_ACTIVE_ARCH = YES;
				OTHER_CPLUSPLUSFLAGS = (
					"$(OTHER_CFLAGS)",
					"-DFOLLY_NO_CONFIG",
					"-DFOLLY_MOBILE=1",
					"-DFOLLY_USE_LIBCPP=1",
				);
				SDKROOT = iphoneos;
			};
			name = Debug;
		};
		83CBBA211A601CBA00E9B192 /* Release */ = {
			isa = XCBuildConfiguration;
			buildSettings = {
				ALWAYS_SEARCH_USER_PATHS = NO;
				CLANG_ANALYZER_LOCALIZABILITY_NONLOCALIZED = YES;
				CLANG_CXX_LANGUAGE_STANDARD = "c++17";
				CLANG_CXX_LIBRARY = "libc++";
				CLANG_ENABLE_MODULES = YES;
				CLANG_ENABLE_OBJC_ARC = YES;
				CLANG_WARN_BLOCK_CAPTURE_AUTORELEASING = YES;
				CLANG_WARN_BOOL_CONVERSION = YES;
				CLANG_WARN_COMMA = YES;
				CLANG_WARN_CONSTANT_CONVERSION = YES;
				CLANG_WARN_DEPRECATED_OBJC_IMPLEMENTATIONS = YES;
				CLANG_WARN_DIRECT_OBJC_ISA_USAGE = YES_ERROR;
				CLANG_WARN_EMPTY_BODY = YES;
				CLANG_WARN_ENUM_CONVERSION = YES;
				CLANG_WARN_INFINITE_RECURSION = YES;
				CLANG_WARN_INT_CONVERSION = YES;
				CLANG_WARN_NON_LITERAL_NULL_CONVERSION = YES;
				CLANG_WARN_OBJC_IMPLICIT_RETAIN_SELF = YES;
				CLANG_WARN_OBJC_LITERAL_CONVERSION = YES;
				CLANG_WARN_OBJC_ROOT_CLASS = YES_ERROR;
				CLANG_WARN_QUOTED_INCLUDE_IN_FRAMEWORK_HEADER = YES;
				CLANG_WARN_RANGE_LOOP_ANALYSIS = YES;
				CLANG_WARN_STRICT_PROTOTYPES = YES;
				CLANG_WARN_SUSPICIOUS_MOVE = YES;
				CLANG_WARN_UNREACHABLE_CODE = YES;
				CLANG_WARN__DUPLICATE_METHOD_MATCH = YES;
				"CODE_SIGN_IDENTITY[sdk=iphoneos*]" = "iPhone Developer";
				COPY_PHASE_STRIP = YES;
				ENABLE_NS_ASSERTIONS = NO;
				ENABLE_STRICT_OBJC_MSGSEND = YES;
				"EXCLUDED_ARCHS[sdk=iphonesimulator*]" = "";
				GCC_C_LANGUAGE_STANDARD = gnu99;
				GCC_NO_COMMON_BLOCKS = YES;
				GCC_WARN_64_TO_32_BIT_CONVERSION = YES;
				GCC_WARN_ABOUT_RETURN_TYPE = YES_ERROR;
				GCC_WARN_UNDECLARED_SELECTOR = YES;
				GCC_WARN_UNINITIALIZED_AUTOS = YES_AGGRESSIVE;
				GCC_WARN_UNUSED_FUNCTION = YES;
				GCC_WARN_UNUSED_VARIABLE = YES;
				IPHONEOS_DEPLOYMENT_TARGET = 12.4;
				LD_RUNPATH_SEARCH_PATHS = (
					/usr/lib/swift,
					"$(inherited)",
				);
				LIBRARY_SEARCH_PATHS = (
					"\"$(SDKROOT)/usr/lib/swift\"",
					"\"$(TOOLCHAIN_DIR)/usr/lib/swift/$(PLATFORM_NAME)\"",
					"\"$(inherited)\"",
				);
				MTL_ENABLE_DEBUG_INFO = NO;
				OTHER_CPLUSPLUSFLAGS = (
					"$(OTHER_CFLAGS)",
					"-DFOLLY_NO_CONFIG",
					"-DFOLLY_MOBILE=1",
					"-DFOLLY_USE_LIBCPP=1",
				);
				SDKROOT = iphoneos;
				VALIDATE_PRODUCT = YES;
			};
			name = Release;
		};
/* End XCBuildConfiguration section */

/* Begin XCConfigurationList section */
		00E357021AD99517003FC87E /* Build configuration list for PBXNativeTarget "toneopTests" */ = {
			isa = XCConfigurationList;
			buildConfigurations = (
				00E356F61AD99517003FC87E /* Debug */,
				00E356F71AD99517003FC87E /* Release */,
			);
			defaultConfigurationIsVisible = 0;
			defaultConfigurationName = Release;
		};
		13B07F931A680F5B00A75B9A /* Build configuration list for PBXNativeTarget "toneop" */ = {
			isa = XCConfigurationList;
			buildConfigurations = (
				13B07F941A680F5B00A75B9A /* Debug */,
				13B07F951A680F5B00A75B9A /* Release */,
			);
			defaultConfigurationIsVisible = 0;
			defaultConfigurationName = Release;
		};
		83CBB9FA1A601CBA00E9B192 /* Build configuration list for PBXProject "toneop" */ = {
			isa = XCConfigurationList;
			buildConfigurations = (
				83CBBA201A601CBA00E9B192 /* Debug */,
				83CBBA211A601CBA00E9B192 /* Release */,
			);
			defaultConfigurationIsVisible = 0;
			defaultConfigurationName = Release;
		};
/* End XCConfigurationList section */
	};
	rootObject = 83CBB9F71A601CBA00E9B192 /* Project object */;
}
